
Microsoft Visual Studio Solution File, Format Version 12.00
# Visual Studio Version 16
VisualStudioVersion = 16.0.31005.135
MinimumVisualStudioVersion = 10.0.40219.1
Project("{FAE04EC0-301F-11D3-BF4B-00C04F79EFBC}") = "Calculatrice.Android", "Calculatrice\Calculatrice.Android\Calculatrice.Android.csproj", "{06400618-C202-42AE-8FA2-7EA709A1E4B5}"
EndProject
Project("{FAE04EC0-301F-11D3-BF4B-00C04F79EFBC}") = "Calculatrice.iOS", "Calculatrice\Calculatrice.iOS\Calculatrice.iOS.csproj", "{38FCF1A6-BC67-4E3A-8F55-385D59EB27BD}"
EndProject
Project("{9A19103F-16F7-4668-BE54-9A1E7A4F7556}") = "Calculatrice", "Calculatrice\Calculatrice\Calculatrice.csproj", "{006862A9-AF55-493D-BBC8-F19BB3A59894}"
EndProject
Project("{FAE04EC0-301F-11D3-BF4B-00C04F79EFBC}") = "CalculatriceTest", "CalculatriceTest\CalculatriceTest.csproj", "{25322CD0-BFD3-416A-9802-E2302E0DD76B}"
EndProject
Global
	GlobalSection(SolutionConfigurationPlatforms) = preSolution
		Debug|Any CPU = Debug|Any CPU
		Debug|iPhone = Debug|iPhone
		Debug|iPhoneSimulator = Debug|iPhoneSimulator
		Release|Any CPU = Release|Any CPU
		Release|iPhone = Release|iPhone
		Release|iPhoneSimulator = Release|iPhoneSimulator
	EndGlobalSection
	GlobalSection(ProjectConfigurationPlatforms) = postSolution
		{06400618-C202-42AE-8FA2-7EA709A1E4B5}.Debug|Any CPU.ActiveCfg = Debug|Any CPU
		{06400618-C202-42AE-8FA2-7EA709A1E4B5}.Debug|Any CPU.Build.0 = Debug|Any CPU
		{06400618-C202-42AE-8FA2-7EA709A1E4B5}.Debug|Any CPU.Deploy.0 = Debug|Any CPU
		{06400618-C202-42AE-8FA2-7EA709A1E4B5}.Debug|iPhone.ActiveCfg = Debug|Any CPU
		{06400618-C202-42AE-8FA2-7EA709A1E4B5}.Debug|iPhone.Build.0 = Debug|Any CPU
		{06400618-C202-42AE-8FA2-7EA709A1E4B5}.Debug|iPhone.Deploy.0 = Debug|Any CPU
		{06400618-C202-42AE-8FA2-7EA709A1E4B5}.Debug|iPhoneSimulator.ActiveCfg = Debug|Any CPU
		{06400618-C202-42AE-8FA2-7EA709A1E4B5}.Debug|iPhoneSimulator.Build.0 = Debug|Any CPU
		{06400618-C202-42AE-8FA2-7EA709A1E4B5}.Debug|iPhoneSimulator.Deploy.0 = Debug|Any CPU
		{06400618-C202-42AE-8FA2-7EA709A1E4B5}.Release|Any CPU.ActiveCfg = Release|Any CPU
		{06400618-C202-42AE-8FA2-7EA709A1E4B5}.Release|Any CPU.Build.0 = Release|Any CPU
		{06400618-C202-42AE-8FA2-7EA709A1E4B5}.Release|Any CPU.Deploy.0 = Release|Any CPU
		{06400618-C202-42AE-8FA2-7EA709A1E4B5}.Release|iPhone.ActiveCfg = Release|Any CPU
		{06400618-C202-42AE-8FA2-7EA709A1E4B5}.Release|iPhone.Build.0 = Release|Any CPU
		{06400618-C202-42AE-8FA2-7EA709A1E4B5}.Release|iPhone.Deploy.0 = Release|Any CPU
		{06400618-C202-42AE-8FA2-7EA709A1E4B5}.Release|iPhoneSimulator.ActiveCfg = Release|Any CPU
		{06400618-C202-42AE-8FA2-7EA709A1E4B5}.Release|iPhoneSimulator.Build.0 = Release|Any CPU
		{06400618-C202-42AE-8FA2-7EA709A1E4B5}.Release|iPhoneSimulator.Deploy.0 = Release|Any CPU
		{38FCF1A6-BC67-4E3A-8F55-385D59EB27BD}.Debug|Any CPU.ActiveCfg = Debug|iPhone
		{38FCF1A6-BC67-4E3A-8F55-385D59EB27BD}.Debug|Any CPU.Build.0 = Debug|iPhone
		{38FCF1A6-BC67-4E3A-8F55-385D59EB27BD}.Debug|Any CPU.Deploy.0 = Debug|iPhone
		{38FCF1A6-BC67-4E3A-8F55-385D59EB27BD}.Debug|iPhone.ActiveCfg = Debug|iPhone
		{38FCF1A6-BC67-4E3A-8F55-385D59EB27BD}.Debug|iPhone.Build.0 = Debug|iPhone
		{38FCF1A6-BC67-4E3A-8F55-385D59EB27BD}.Debug|iPhone.Deploy.0 = Debug|iPhone
		{38FCF1A6-BC67-4E3A-8F55-385D59EB27BD}.Debug|iPhoneSimulator.ActiveCfg = Debug|iPhoneSimulator
		{38FCF1A6-BC67-4E3A-8F55-385D59EB27BD}.Debug|iPhoneSimulator.Build.0 = Debug|iPhoneSimulator
		{38FCF1A6-BC67-4E3A-8F55-385D59EB27BD}.Debug|iPhoneSimulator.Deploy.0 = Debug|iPhoneSimulator
		{38FCF1A6-BC67-4E3A-8F55-385D59EB27BD}.Release|Any CPU.ActiveCfg = Release|iPhoneSimulator
		{38FCF1A6-BC67-4E3A-8F55-385D59EB27BD}.Release|Any CPU.Build.0 = Release|iPhoneSimulator
		{38FCF1A6-BC67-4E3A-8F55-385D59EB27BD}.Release|Any CPU.Deploy.0 = Release|iPhoneSimulator
		{38FCF1A6-BC67-4E3A-8F55-385D59EB27BD}.Release|iPhone.ActiveCfg = Release|iPhone
		{38FCF1A6-BC67-4E3A-8F55-385D59EB27BD}.Release|iPhone.Build.0 = Release|iPhone
		{38FCF1A6-BC67-4E3A-8F55-385D59EB27BD}.Release|iPhone.Deploy.0 = Release|iPhone
		{38FCF1A6-BC67-4E3A-8F55-385D59EB27BD}.Release|iPhoneSimulator.ActiveCfg = Release|iPhoneSimulator
		{38FCF1A6-BC67-4E3A-8F55-385D59EB27BD}.Release|iPhoneSimulator.Build.0 = Release|iPhoneSimulator
		{38FCF1A6-BC67-4E3A-8F55-385D59EB27BD}.Release|iPhoneSimulator.Deploy.0 = Release|iPhoneSimulator
		{006862A9-AF55-493D-BBC8-F19BB3A59894}.Debug|Any CPU.ActiveCfg = Debug|Any CPU
		{006862A9-AF55-493D-BBC8-F19BB3A59894}.Debug|Any CPU.Build.0 = Debug|Any CPU
		{006862A9-AF55-493D-BBC8-F19BB3A59894}.Debug|Any CPU.Deploy.0 = Debug|Any CPU
		{006862A9-AF55-493D-BBC8-F19BB3A59894}.Debug|iPhone.ActiveCfg = Debug|Any CPU
		{006862A9-AF55-493D-BBC8-F19BB3A59894}.Debug|iPhone.Build.0 = Debug|Any CPU
		{006862A9-AF55-493D-BBC8-F19BB3A59894}.Debug|iPhone.Deploy.0 = Debug|Any CPU
		{006862A9-AF55-493D-BBC8-F19BB3A59894}.Debug|iPhoneSimulator.ActiveCfg = Debug|Any CPU
		{006862A9-AF55-493D-BBC8-F19BB3A59894}.Debug|iPhoneSimulator.Build.0 = Debug|Any CPU
		{006862A9-AF55-493D-BBC8-F19BB3A59894}.Debug|iPhoneSimulator.Deploy.0 = Debug|Any CPU
		{006862A9-AF55-493D-BBC8-F19BB3A59894}.Release|Any CPU.ActiveCfg = Release|Any CPU
		{006862A9-AF55-493D-BBC8-F19BB3A59894}.Release|Any CPU.Build.0 = Release|Any CPU
		{006862A9-AF55-493D-BBC8-F19BB3A59894}.Release|Any CPU.Deploy.0 = Release|Any CPU
		{006862A9-AF55-493D-BBC8-F19BB3A59894}.Release|iPhone.ActiveCfg = Release|Any CPU
		{006862A9-AF55-493D-BBC8-F19BB3A59894}.Release|iPhone.Build.0 = Release|Any CPU
		{006862A9-AF55-493D-BBC8-F19BB3A59894}.Release|iPhone.Deploy.0 = Release|Any CPU
		{006862A9-AF55-493D-BBC8-F19BB3A59894}.Release|iPhoneSimulator.ActiveCfg = Release|Any CPU
		{006862A9-AF55-493D-BBC8-F19BB3A59894}.Release|iPhoneSimulator.Build.0 = Release|Any CPU
		{006862A9-AF55-493D-BBC8-F19BB3A59894}.Release|iPhoneSimulator.Deploy.0 = Release|Any CPU
		{25322CD0-BFD3-416A-9802-E2302E0DD76B}.Debug|Any CPU.ActiveCfg = Debug|Any CPU
		{25322CD0-BFD3-416A-9802-E2302E0DD76B}.Debug|Any CPU.Build.0 = Debug|Any CPU
		{25322CD0-BFD3-416A-9802-E2302E0DD76B}.Debug|iPhone.ActiveCfg = Debug|Any CPU
		{25322CD0-BFD3-416A-9802-E2302E0DD76B}.Debug|iPhone.Build.0 = Debug|Any CPU
		{25322CD0-BFD3-416A-9802-E2302E0DD76B}.Debug|iPhoneSimulator.ActiveCfg = Debug|Any CPU
		{25322CD0-BFD3-416A-9802-E2302E0DD76B}.Debug|iPhoneSimulator.Build.0 = Debug|Any CPU
		{25322CD0-BFD3-416A-9802-E2302E0DD76B}.Release|Any CPU.ActiveCfg = Release|Any CPU
		{25322CD0-BFD3-416A-9802-E2302E0DD76B}.Release|Any CPU.Build.0 = Release|Any CPU
		{25322CD0-BFD3-416A-9802-E2302E0DD76B}.Release|iPhone.ActiveCfg = Release|Any CPU
		{25322CD0-BFD3-416A-9802-E2302E0DD76B}.Release|iPhone.Build.0 = Release|Any CPU
		{25322CD0-BFD3-416A-9802-E2302E0DD76B}.Release|iPhoneSimulator.ActiveCfg = Release|Any CPU
		{25322CD0-BFD3-416A-9802-E2302E0DD76B}.Release|iPhoneSimulator.Build.0 = Release|Any CPU
	EndGlobalSection
	GlobalSection(SolutionProperties) = preSolution
		HideSolutionNode = FALSE
	EndGlobalSection
	GlobalSection(ExtensibilityGlobals) = postSolution
		SolutionGuid = {F528F0A8-C80E-4B1E-8F1B-AB3F405582AD}
	EndGlobalSection
EndGlobal
